
Microsoft Visual Studio Solution File, Format Version 12.00
# Visual Studio 2013
VisualStudioVersion = 12.0.30324.0
MinimumVisualStudioVersion = 10.0.40219.1
Project("{FAE04EC0-301F-11D3-BF4B-00C04F79EFBC}") = "ECP.API", "ECP\ECP.API.csproj", "{FC4961A5-1621-4FDF-8B7D-FAEA1EDEBB71}"
EndProject
Project("{FAE04EC0-301F-11D3-BF4B-00C04F79EFBC}") = "ECP.Tests", "ECP.Tests\ECP.Tests.csproj", "{7E96C769-63E5-404D-8E8C-4FAC9655A0C4}"
EndProject
Project("{FAE04EC0-301F-11D3-BF4B-00C04F79EFBC}") = "ECP.www", "ECP.www\ECP.www.csproj", "{11E659B1-EE1A-40EA-92BF-5E19430B92FD}"
EndProject
Global
	GlobalSection(SolutionConfigurationPlatforms) = preSolution
		Debug|Any CPU = Debug|Any CPU
		Release|Any CPU = Release|Any CPU
	EndGlobalSection
	GlobalSection(ProjectConfigurationPlatforms) = postSolution
		{FC4961A5-1621-4FDF-8B7D-FAEA1EDEBB71}.Debug|Any CPU.ActiveCfg = Debug|Any CPU
		{FC4961A5-1621-4FDF-8B7D-FAEA1EDEBB71}.Debug|Any CPU.Build.0 = Debug|Any CPU
		{FC4961A5-1621-4FDF-8B7D-FAEA1EDEBB71}.Release|Any CPU.ActiveCfg = Release|Any CPU
		{FC4961A5-1621-4FDF-8B7D-FAEA1EDEBB71}.Release|Any CPU.Build.0 = Release|Any CPU
		{7E96C769-63E5-404D-8E8C-4FAC9655A0C4}.Debug|Any CPU.ActiveCfg = Debug|Any CPU
		{7E96C769-63E5-404D-8E8C-4FAC9655A0C4}.Debug|Any CPU.Build.0 = Debug|Any CPU
		{7E96C769-63E5-404D-8E8C-4FAC9655A0C4}.Release|Any CPU.ActiveCfg = Release|Any CPU
		{7E96C769-63E5-404D-8E8C-4FAC9655A0C4}.Release|Any CPU.Build.0 = Release|Any CPU
		{11E659B1-EE1A-40EA-92BF-5E19430B92FD}.Debug|Any CPU.ActiveCfg = Debug|Any CPU
		{11E659B1-EE1A-40EA-92BF-5E19430B92FD}.Debug|Any CPU.Build.0 = Debug|Any CPU
		{11E659B1-EE1A-40EA-92BF-5E19430B92FD}.Release|Any CPU.ActiveCfg = Release|Any CPU
		{11E659B1-EE1A-40EA-92BF-5E19430B92FD}.Release|Any CPU.Build.0 = Release|Any CPU
	EndGlobalSection
	GlobalSection(SolutionProperties) = preSolution
		HideSolutionNode = FALSE
	EndGlobalSection
EndGlobal
